
Microsoft Visual Studio Solution File, Format Version 12.00
# Visual Studio Version 17
VisualStudioVersion = 17.5.33530.505
MinimumVisualStudioVersion = 10.0.40219.1
Project("{FAE04EC0-301F-11D3-BF4B-00C04F79EFBC}") = "RkkInfo", "RkkInfo\RkkInfo.csproj", "{6ED0975D-6EAA-4A0E-84E4-2CE7659ED813}"
EndProject
Global
	GlobalSection(SolutionConfigurationPlatforms) = preSolution
		Debug|Any CPU = Debug|Any CPU
		Release|Any CPU = Release|Any CPU
	EndGlobalSection
	GlobalSection(ProjectConfigurationPlatforms) = postSolution
		{6ED0975D-6EAA-4A0E-84E4-2CE7659ED813}.Debug|Any CPU.ActiveCfg = Debug|Any CPU
		{6ED0975D-6EAA-4A0E-84E4-2CE7659ED813}.Debug|Any CPU.Build.0 = Debug|Any CPU
		{6ED0975D-6EAA-4A0E-84E4-2CE7659ED813}.Release|Any CPU.ActiveCfg = Release|Any CPU
		{6ED0975D-6EAA-4A0E-84E4-2CE7659ED813}.Release|Any CPU.Build.0 = Release|Any CPU
	EndGlobalSection
	GlobalSection(SolutionProperties) = preSolution
		HideSolutionNode = FALSE
	EndGlobalSection
	GlobalSection(ExtensibilityGlobals) = postSolution
		SolutionGuid = {D282A923-A76C-484B-A340-05B69143C13A}
	EndGlobalSection
EndGlobal
